// !$*UTF8*$!
{
	archiveVersion = 1;
	classes = {
	};
	objectVersion = 46;
	objects = {

/* Begin PBXBuildFile section */
		5C437C791EE6515600A084C8 /* AppDelegate.swift in Sources */ = {isa = PBXBuildFile; fileRef = 5C437C781EE6515600A084C8 /* AppDelegate.swift */; };
		5C437C7B1EE6515600A084C8 /* ViewController.swift in Sources */ = {isa = PBXBuildFile; fileRef = 5C437C7A1EE6515600A084C8 /* ViewController.swift */; };
		5C437C7E1EE6515600A084C8 /* Main.storyboard in Resources */ = {isa = PBXBuildFile; fileRef = 5C437C7C1EE6515600A084C8 /* Main.storyboard */; };
		5C437C801EE6515600A084C8 /* Assets.xcassets in Resources */ = {isa = PBXBuildFile; fileRef = 5C437C7F1EE6515600A084C8 /* Assets.xcassets */; };
		5C437C831EE6515600A084C8 /* LaunchScreen.storyboard in Resources */ = {isa = PBXBuildFile; fileRef = 5C437C811EE6515600A084C8 /* LaunchScreen.storyboard */; };
		5C437C8E1EE6515600A084C8 /* loactionTests.swift in Sources */ = {isa = PBXBuildFile; fileRef = 5C437C8D1EE6515600A084C8 /* loactionTests.swift */; };
		5C437C9D1EE6515D00A084C8 /* CPLocationManger.m in Sources */ = {isa = PBXBuildFile; fileRef = 5C437C9A1EE6515D00A084C8 /* CPLocationManger.m */; };
		5C437C9E1EE6515D00A084C8 /* CPPlacemark.m in Sources */ = {isa = PBXBuildFile; fileRef = 5C437C9C1EE6515D00A084C8 /* CPPlacemark.m */; };
/* End PBXBuildFile section */

/* Begin PBXContainerItemProxy section */
		5C437C8A1EE6515600A084C8 /* PBXContainerItemProxy */ = {
			isa = PBXContainerItemProxy;
			containerPortal = 5C437C6D1EE6515600A084C8 /* Project object */;
			proxyType = 1;
			remoteGlobalIDString = 5C437C741EE6515600A084C8;
			remoteInfo = loaction;
		};
/* End PBXContainerItemProxy section */

/* Begin PBXFileReference section */
		5C437C751EE6515600A084C8 /* loaction.app */ = {isa = PBXFileReference; explicitFileType = wrapper.application; includeInIndex = 0; path = loaction.app; sourceTree = BUILT_PRODUCTS_DIR; };
		5C437C781EE6515600A084C8 /* AppDelegate.swift */ = {isa = PBXFileReference; lastKnownFileType = sourcecode.swift; path = AppDelegate.swift; sourceTree = "<group>"; };
		5C437C7A1EE6515600A084C8 /* ViewController.swift */ = {isa = PBXFileReference; lastKnownFileType = sourcecode.swift; path = ViewController.swift; sourceTree = "<group>"; };
		5C437C7D1EE6515600A084C8 /* Base */ = {isa = PBXFileReference; lastKnownFileType = file.storyboard; name = Base; path = Base.lproj/Main.storyboard; sourceTree = "<group>"; };
		5C437C7F1EE6515600A084C8 /* Assets.xcassets */ = {isa = PBXFileReference; lastKnownFileType = folder.assetcatalog; path = Assets.xcassets; sourceTree = "<group>"; };
		5C437C821EE6515600A084C8 /* Base */ = {isa = PBXFileReference; lastKnownFileType = file.storyboard; name = Base; path = Base.lproj/LaunchScreen.storyboard; sourceTree = "<group>"; };
		5C437C841EE6515600A084C8 /* Info.plist */ = {isa = PBXFileReference; lastKnownFileType = text.plist.xml; path = Info.plist; sourceTree = "<group>"; };
		5C437C891EE6515600A084C8 /* loactionTests.xctest */ = {isa = PBXFileReference; explicitFileType = wrapper.cfbundle; includeInIndex = 0; path = loactionTests.xctest; sourceTree = BUILT_PRODUCTS_DIR; };
		5C437C8D1EE6515600A084C8 /* loactionTests.swift */ = {isa = PBXFileReference; lastKnownFileType = sourcecode.swift; path = loactionTests.swift; sourceTree = "<group>"; };
		5C437C8F1EE6515600A084C8 /* Info.plist */ = {isa = PBXFileReference; lastKnownFileType = text.plist.xml; path = Info.plist; sourceTree = "<group>"; };
		5C437C991EE6515D00A084C8 /* CPLocationManger.h */ = {isa = PBXFileReference; fileEncoding = 4; lastKnownFileType = sourcecode.c.h; path = CPLocationManger.h; sourceTree = "<group>"; };
		5C437C9A1EE6515D00A084C8 /* CPLocationManger.m */ = {isa = PBXFileReference; fileEncoding = 4; lastKnownFileType = sourcecode.c.objc; path = CPLocationManger.m; sourceTree = "<group>"; };
		5C437C9B1EE6515D00A084C8 /* CPPlacemark.h */ = {isa = PBXFileReference; fileEncoding = 4; lastKnownFileType = sourcecode.c.h; path = CPPlacemark.h; sourceTree = "<group>"; };
		5C437C9C1EE6515D00A084C8 /* CPPlacemark.m */ = {isa = PBXFileReference; fileEncoding = 4; lastKnownFileType = sourcecode.c.objc; path = CPPlacemark.m; sourceTree = "<group>"; };
/* End PBXFileReference section */

/* Begin PBXFrameworksBuildPhase section */
		5C437C721EE6515600A084C8 /* Frameworks */ = {
			isa = PBXFrameworksBuildPhase;
			buildActionMask = 2147483647;
			files = (
			);
			runOnlyForDeploymentPostprocessing = 0;
		};
		5C437C861EE6515600A084C8 /* Frameworks */ = {
			isa = PBXFrameworksBuildPhase;
			buildActionMask = 2147483647;
			files = (
			);
			runOnlyForDeploymentPostprocessing = 0;
		};
/* End PBXFrameworksBuildPhase section */

/* Begin PBXGroup section */
		5C437C6C1EE6515600A084C8 = {
			isa = PBXGroup;
			children = (
				5C437C981EE6515D00A084C8 /* Location */,
				5C437C771EE6515600A084C8 /* loaction */,
				5C437C8C1EE6515600A084C8 /* loactionTests */,
				5C437C761EE6515600A084C8 /* Products */,
			);
			sourceTree = "<group>";
		};
		5C437C761EE6515600A084C8 /* Products */ = {
			isa = PBXGroup;
			children = (
				5C437C751EE6515600A084C8 /* loaction.app */,
				5C437C891EE6515600A084C8 /* loactionTests.xctest */,
			);
			name = Products;
			sourceTree = "<group>";
		};
		5C437C771EE6515600A084C8 /* loaction */ = {
			isa = PBXGroup;
			children = (
				5C437C781EE6515600A084C8 /* AppDelegate.swift */,
				5C437C7A1EE6515600A084C8 /* ViewController.swift */,
				5C437C7C1EE6515600A084C8 /* Main.storyboard */,
				5C437C7F1EE6515600A084C8 /* Assets.xcassets */,
				5C437C811EE6515600A084C8 /* LaunchScreen.storyboard */,
				5C437C841EE6515600A084C8 /* Info.plist */,
			);
			path = loaction;
			sourceTree = "<group>";
		};
		5C437C8C1EE6515600A084C8 /* loactionTests */ = {
			isa = PBXGroup;
			children = (
				5C437C8D1EE6515600A084C8 /* loactionTests.swift */,
				5C437C8F1EE6515600A084C8 /* Info.plist */,
			);
			path = loactionTests;
			sourceTree = "<group>";
		};
		5C437C981EE6515D00A084C8 /* Location */ = {
			isa = PBXGroup;
			children = (
				5C437C991EE6515D00A084C8 /* CPLocationManger.h */,
				5C437C9A1EE6515D00A084C8 /* CPLocationManger.m */,
				5C437C9B1EE6515D00A084C8 /* CPPlacemark.h */,
				5C437C9C1EE6515D00A084C8 /* CPPlacemark.m */,
			);
			path = Location;
			sourceTree = "<group>";
		};
/* End PBXGroup section */

/* Begin PBXNativeTarget section */
		5C437C741EE6515600A084C8 /* loaction */ = {
			isa = PBXNativeTarget;
			buildConfigurationList = 5C437C921EE6515600A084C8 /* Build configuration list for PBXNativeTarget "loaction" */;
			buildPhases = (
				5C437C711EE6515600A084C8 /* Sources */,
				5C437C721EE6515600A084C8 /* Frameworks */,
				5C437C731EE6515600A084C8 /* Resources */,
			);
			buildRules = (
			);
			dependencies = (
			);
			name = loaction;
			productName = loaction;
			productReference = 5C437C751EE6515600A084C8 /* loaction.app */;
			productType = "com.apple.product-type.application";
		};
		5C437C881EE6515600A084C8 /* loactionTests */ = {
			isa = PBXNativeTarget;
			buildConfigurationList = 5C437C951EE6515600A084C8 /* Build configuration list for PBXNativeTarget "loactionTests" */;
			buildPhases = (
				5C437C851EE6515600A084C8 /* Sources */,
				5C437C861EE6515600A084C8 /* Frameworks */,
				5C437C871EE6515600A084C8 /* Resources */,
			);
			buildRules = (
			);
			dependencies = (
				5C437C8B1EE6515600A084C8 /* PBXTargetDependency */,
			);
			name = loactionTests;
			productName = loactionTests;
			productReference = 5C437C891EE6515600A084C8 /* loactionTests.xctest */;
			productType = "com.apple.product-type.bundle.unit-test";
		};
/* End PBXNativeTarget section */

/* Begin PBXProject section */
		5C437C6D1EE6515600A084C8 /* Project object */ = {
			isa = PBXProject;
			attributes = {
				LastSwiftUpdateCheck = 0830;
				LastUpgradeCheck = 0830;
				ORGANIZATIONNAME = jieku;
				TargetAttributes = {
					5C437C741EE6515600A084C8 = {
						CreatedOnToolsVersion = 8.3.2;
						DevelopmentTeam = DVS4WL6GA8;
						ProvisioningStyle = Automatic;
					};
					5C437C881EE6515600A084C8 = {
						CreatedOnToolsVersion = 8.3.2;
						DevelopmentTeam = DVS4WL6GA8;
						ProvisioningStyle = Automatic;
						TestTargetID = 5C437C741EE6515600A084C8;
					};
				};
			};
			buildConfigurationList = 5C437C701EE6515600A084C8 /* Build configuration list for PBXProject "loaction" */;
			compatibilityVersion = "Xcode 3.2";
			developmentRegion = English;
			hasScannedForEncodings = 0;
			knownRegions = (
				en,
				Base,
			);
			mainGroup = 5C437C6C1EE6515600A084C8;
			productRefGroup = 5C437C761EE6515600A084C8 /* Products */;
			projectDirPath = "";
			projectRoot = "";
			targets = (
				5C437C741EE6515600A084C8 /* loaction */,
				5C437C881EE6515600A084C8 /* loactionTests */,
			);
		};
/* End PBXProject section */

/* Begin PBXResourcesBuildPhase section */
		5C437C731EE6515600A084C8 /* Resources */ = {
			isa = PBXResourcesBuildPhase;
			buildActionMask = 2147483647;
			files = (
				5C437C831EE6515600A084C8 /* LaunchScreen.storyboard in Resources */,
				5C437C801EE6515600A084C8 /* Assets.xcassets in Resources */,
				5C437C7E1EE6515600A084C8 /* Main.storyboard in Resources */,
			);
			runOnlyForDeploymentPostprocessing = 0;
		};
		5C437C871EE6515600A084C8 /* Resources */ = {
			isa = PBXResourcesBuildPhase;
			buildActionMask = 2147483647;
			files = (
			);
			runOnlyForDeploymentPostprocessing = 0;
		};
/* End PBXResourcesBuildPhase section */

/* Begin PBXSourcesBuildPhase section */
		5C437C711EE6515600A084C8 /* Sources */ = {
			isa = PBXSourcesBuildPhase;
			buildActionMask = 2147483647;
			files = (
				5C437C9D1EE6515D00A084C8 /* CPLocationManger.m in Sources */,
				5C437C7B1EE6515600A084C8 /* ViewController.swift in Sources */,
				5C437C791EE6515600A084C8 /* AppDelegate.swift in Sources */,
				5C437C9E1EE6515D00A084C8 /* CPPlacemark.m in Sources */,
			);
			runOnlyForDeploymentPostprocessing = 0;
		};
		5C437C851EE6515600A084C8 /* Sources */ = {
			isa = PBXSourcesBuildPhase;
			buildActionMask = 2147483647;
			files = (
				5C437C8E1EE6515600A084C8 /* loactionTests.swift in Sources */,
			);
			runOnlyForDeploymentPostprocessing = 0;
		};
/* End PBXSourcesBuildPhase section */

/* Begin PBXTargetDependency section */
		5C437C8B1EE6515600A084C8 /* PBXTargetDependency */ = {
			isa = PBXTargetDependency;
			target = 5C437C741EE6515600A084C8 /* loaction */;
			targetProxy = 5C437C8A1EE6515600A084C8 /* PBXContainerItemProxy */;
		};
/* End PBXTargetDependency section */

/* Begin PBXVariantGroup section */
		5C437C7C1EE6515600A084C8 /* Main.storyboard */ = {
			isa = PBXVariantGroup;
			children = (
				5C437C7D1EE6515600A084C8 /* Base */,
			);
			name = Main.storyboard;
			sourceTree = "<group>";
		};
		5C437C811EE6515600A084C8 /* LaunchScreen.storyboard */ = {
			isa = PBXVariantGroup;
			children = (
				5C437C821EE6515600A084C8 /* Base */,
			);
			name = LaunchScreen.storyboard;
			sourceTree = "<group>";
		};
/* End PBXVariantGroup section */

/* Begin XCBuildConfiguration section */
		5C437C901EE6515600A084C8 /* Debug */ = {
			isa = XCBuildConfiguration;
			buildSettings = {
				ALWAYS_SEARCH_USER_PATHS = NO;
				CLANG_ANALYZER_NONNULL = YES;
				CLANG_ANALYZER_NUMBER_OBJECT_CONVERSION = YES_AGGRESSIVE;
				CLANG_CXX_LANGUAGE_STANDARD = "gnu++0x";
				CLANG_CXX_LIBRARY = "libc++";
				CLANG_ENABLE_MODULES = YES;
				CLANG_ENABLE_OBJC_ARC = YES;
				CLANG_WARN_BOOL_CONVERSION = YES;
				CLANG_WARN_CONSTANT_CONVERSION = YES;
				CLANG_WARN_DIRECT_OBJC_ISA_USAGE = YES_ERROR;
				CLANG_WARN_DOCUMENTATION_COMMENTS = YES;
				CLANG_WARN_EMPTY_BODY = YES;
				CLANG_WARN_ENUM_CONVERSION = YES;
				CLANG_WARN_INFINITE_RECURSION = YES;
				CLANG_WARN_INT_CONVERSION = YES;
				CLANG_WARN_OBJC_ROOT_CLASS = YES_ERROR;
				CLANG_WARN_SUSPICIOUS_MOVE = YES;
				CLANG_WARN_UNREACHABLE_CODE = YES;
				CLANG_WARN__DUPLICATE_METHOD_MATCH = YES;
				"CODE_SIGN_IDENTITY[sdk=iphoneos*]" = "iPhone Developer";
				COPY_PHASE_STRIP = NO;
				DEBUG_INFORMATION_FORMAT = dwarf;
				ENABLE_STRICT_OBJC_MSGSEND = YES;
				ENABLE_TESTABILITY = YES;
				GCC_C_LANGUAGE_STANDARD = gnu99;
				GCC_DYNAMIC_NO_PIC = NO;
				GCC_NO_COMMON_BLOCKS = YES;
				GCC_OPTIMIZATION_LEVEL = 0;
				GCC_PREPROCESSOR_DEFINITIONS = (
					"DEBUG=1",
					"$(inherited)",
				);
				GCC_WARN_64_TO_32_BIT_CONVERSION = YES;
				GCC_WARN_ABOUT_RETURN_TYPE = YES_ERROR;
				GCC_WARN_UNDECLARED_SELECTOR = YES;
				GCC_WARN_UNINITIALIZED_AUTOS = YES_AGGRESSIVE;
				GCC_WARN_UNUSED_FUNCTION = YES;
				GCC_WARN_UNUSED_VARIABLE = YES;
				IPHONEOS_DEPLOYMENT_TARGET = 10.3;
				MTL_ENABLE_DEBUG_INFO = YES;
				ONLY_ACTIVE_ARCH = YES;
				SDKROOT = iphoneos;
				SWIFT_ACTIVE_COMPILATION_CONDITIONS = DEBUG;
				SWIFT_OPTIMIZATION_LEVEL = "-Onone";
				TARGETED_DEVICE_FAMILY = "1,2";
			};
			name = Debug;
		};
		5C437C911EE6515600A084C8 /* Release */ = {
			isa = XCBuildConfiguration;
			buildSettings = {
				ALWAYS_SEARCH_USER_PATHS = NO;
				CLANG_ANALYZER_NONNULL = YES;
				CLANG_ANALYZER_NUMBER_OBJECT_CONVERSION = YES_AGGRESSIVE;
				CLANG_CXX_LANGUAGE_STANDARD = "gnu++0x";
				CLANG_CXX_LIBRARY = "libc++";
				CLANG_ENABLE_MODULES = YES;
				CLANG_ENABLE_OBJC_ARC = YES;
				CLANG_WARN_BOOL_CONVERSION = YES;
				CLANG_WARN_CONSTANT_CONVERSION = YES;
				CLANG_WARN_DIRECT_OBJC_ISA_USAGE = YES_ERROR;
				CLANG_WARN_DOCUMENTATION_COMMENTS = YES;
				CLANG_WARN_EMPTY_BODY = YES;
				CLANG_WARN_ENUM_CONVERSION = YES;
				CLANG_WARN_INFINITE_RECURSION = YES;
				CLANG_WARN_INT_CONVERSION = YES;
				CLANG_WARN_OBJC_ROOT_CLASS = YES_ERROR;
				CLANG_WARN_SUSPICIOUS_MOVE = YES;
				CLANG_WARN_UNREACHABLE_CODE = YES;
				CLANG_WARN__DUPLICATE_METHOD_MATCH = YES;
				"CODE_SIGN_IDENTITY[sdk=iphoneos*]" = "iPhone Developer";
				COPY_PHASE_STRIP = NO;
				DEBUG_INFORMATION_FORMAT = "dwarf-with-dsym";
				ENABLE_NS_ASSERTIONS = NO;
				ENABLE_STRICT_OBJC_MSGSEND = YES;
				GCC_C_LANGUAGE_STANDARD = gnu99;
				GCC_NO_COMMON_BLOCKS = YES;
				GCC_WARN_64_TO_32_BIT_CONVERSION = YES;
				GCC_WARN_ABOUT_RETURN_TYPE = YES_ERROR;
				GCC_WARN_UNDECLARED_SELECTOR = YES;
				GCC_WARN_UNINITIALIZED_AUTOS = YES_AGGRESSIVE;
				GCC_WARN_UNUSED_FUNCTION = YES;
				GCC_WARN_UNUSED_VARIABLE = YES;
				IPHONEOS_DEPLOYMENT_TARGET = 10.3;
				MTL_ENABLE_DEBUG_INFO = NO;
				SDKROOT = iphoneos;
				SWIFT_OPTIMIZATION_LEVEL = "-Owholemodule";
				TARGETED_DEVICE_FAMILY = "1,2";
				VALIDATE_PRODUCT = YES;
			};
			name = Release;
		};
		5C437C931EE6515600A084C8 /* Debug */ = {
			isa = XCBuildConfiguration;
			buildSettings = {
				ASSETCATALOG_COMPILER_APPICON_NAME = AppIcon;
				DEVELOPMENT_TEAM = DVS4WL6GA8;
				INFOPLIST_FILE = loaction/Info.plist;
				LD_RUNPATH_SEARCH_PATHS = "$(inherited) @executable_path/Frameworks";
				PRODUCT_BUNDLE_IDENTIFIER = "Simon-DX.loaction";
				PRODUCT_NAME = "$(TARGET_NAME)";
				SWIFT_VERSION = 3.0;
			};
			name = Debug;
		};
		5C437C941EE6515600A084C8 /* Release */ = {
			isa = XCBuildConfiguration;
			buildSettings = {
				ASSETCATALOG_COMPILER_APPICON_NAME = AppIcon;
				DEVELOPMENT_TEAM = DVS4WL6GA8;
				INFOPLIST_FILE = loaction/Info.plist;
				LD_RUNPATH_SEARCH_PATHS = "$(inherited) @executable_path/Frameworks";
				PRODUCT_BUNDLE_IDENTIFIER = "Simon-DX.loaction";
				PRODUCT_NAME = "$(TARGET_NAME)";
				SWIFT_VERSION = 3.0;
			};
			name = Release;
		};
		5C437C961EE6515600A084C8 /* Debug */ = {
			isa = XCBuildConfiguration;
			buildSettings = {
				ALWAYS_EMBED_SWIFT_STANDARD_LIBRARIES = YES;
				BUNDLE_LOADER = "$(TEST_HOST)";
				DEVELOPMENT_TEAM = DVS4WL6GA8;
				INFOPLIST_FILE = loactionTests/Info.plist;
				LD_RUNPATH_SEARCH_PATHS = "$(inherited) @executable_path/Frameworks @loader_path/Frameworks";
				PRODUCT_BUNDLE_IDENTIFIER = "Simon-DX.loactionTests";
				PRODUCT_NAME = "$(TARGET_NAME)";
				SWIFT_VERSION = 3.0;
				TEST_HOST = "$(BUILT_PRODUCTS_DIR)/loaction.app/loaction";
			};
			name = Debug;
		};
		5C437C971EE6515600A084C8 /* Release */ = {
			isa = XCBuildConfiguration;
			buildSettings = {
				ALWAYS_EMBED_SWIFT_STANDARD_LIBRARIES = YES;
				BUNDLE_LOADER = "$(TEST_HOST)";
				DEVELOPMENT_TEAM = DVS4WL6GA8;
				INFOPLIST_FILE = loactionTests/Info.plist;
				LD_RUNPATH_SEARCH_PATHS = "$(inherited) @executable_path/Frameworks @loader_path/Frameworks";
				PRODUCT_BUNDLE_IDENTIFIER = "Simon-DX.loactionTests";
				PRODUCT_NAME = "$(TARGET_NAME)";
				SWIFT_VERSION = 3.0;
				TEST_HOST = "$(BUILT_PRODUCTS_DIR)/loaction.app/loaction";
			};
			name = Release;
		};
/* End XCBuildConfiguration section */

/* Begin XCConfigurationList section */
		5C437C701EE6515600A084C8 /* Build configuration list for PBXProject "loaction" */ = {
			isa = XCConfigurationList;
			buildConfigurations = (
				5C437C901EE6515600A084C8 /* Debug */,
				5C437C911EE6515600A084C8 /* Release */,
			);
			defaultConfigurationIsVisible = 0;
			defaultConfigurationName = Release;
		};
		5C437C921EE6515600A084C8 /* Build configuration list for PBXNativeTarget "loaction" */ = {
			isa = XCConfigurationList;
			buildConfigurations = (
				5C437C931EE6515600A084C8 /* Debug */,
				5C437C941EE6515600A084C8 /* Release */,
			);
			defaultConfigurationIsVisible = 0;
		};
		5C437C951EE6515600A084C8 /* Build configuration list for PBXNativeTarget "loactionTests" */ = {
			isa = XCConfigurationList;
			buildConfigurations = (
				5C437C961EE6515600A084C8 /* Debug */,
				5C437C971EE6515600A084C8 /* Release */,
			);
			defaultConfigurationIsVisible = 0;
		};
/* End XCConfigurationList section */
	};
	rootObject = 5C437C6D1EE6515600A084C8 /* Project object */;
}
